<?xml version="1.0" encoding="utf-8"?>
<Project ToolsVersion="4.0" xmlns="http://schemas.microsoft.com/developer/msbuild/2003">
  <ItemGroup>
    <Filter Include="Source Files">
      <UniqueIdentifier>{4FC737F1-C7A5-4376-A066-2A32D752A2FF}</UniqueIdentifier>
      <Extensions>cpp;c;cc;cxx;def;odl;idl;hpj;bat;asm;asmx</Extensions>
    </Filter>
    <Filter Include="Header Files">
      <UniqueIdentifier>{93995380-89BD-4b04-88EB-625FBE52EBFB}</UniqueIdentifier>
      <Extensions>h;hh;hpp;hxx;hm;inl;inc;xsd</Extensions>
    </Filter>
    <Filter Include="Resource Files">
      <UniqueIdentifier>{67DA6AB6-F800-4c08-8B7A-83BB121AAD01}</UniqueIdentifier>
      <Extensions>rc;ico;cur;bmp;dlg;rc2;rct;bin;rgs;gif;jpg;jpeg;jpe;resx;tiff;tif;png;wav;mfcribbon-ms</Extensions>
    </Filter>
  </ItemGroup>
  <ItemGroup>
    <ClInclude Include="andrick\memory\NonCopyable.h">
      <Filter>Header Files</Filter>
    </ClInclude>
    <ClInclude Include="andrick\memory\TrackableObject.h">
      <Filter>Header Files</Filter>
    </ClInclude>
    <ClInclude Include="andrick\memory\ObjectTracker.h">
      <Filter>Header Files</Filter>
    </ClInclude>
    <ClInclude Include="andrick\logger\Logger.h">
      <Filter>Header Files</Filter>
    </ClInclude>
    <ClInclude Include="andrick\logger\LoggerMaster.h">
      <Filter>Header Files</Filter>
    </ClInclude>
    <ClInclude Include="andrick\logger\AndrickSinks.h">
      <Filter>Header Files</Filter>
    </ClInclude>
    <ClInclude Include="andrick\filesystem\Filesystem.h">
      <Filter>Header Files</Filter>
    </ClInclude>
    <ClInclude Include="andrick\filesystem\path\directory\DirectoryLocation.h">
      <Filter>Header Files</Filter>
    </ClInclude>
    <ClInclude Include="andrick\filesystem\path\PathLocation.h">
      <Filter>Header Files</Filter>
    </ClInclude>
    <ClInclude Include="andrick\filesystem\path\file\FileLocation.h">
      <Filter>Header Files</Filter>
    </ClInclude>
    <ClInclude Include="andrick\filesystem\WindowsFilesystem.h">
      <Filter>Header Files</Filter>
    </ClInclude>
    <ClInclude Include="andrick\filesystem\MacFilesystem.h">
      <Filter>Header Files</Filter>
    </ClInclude>
    <ClInclude Include="andrick\core\AndrickCore.h">
      <Filter>Header Files</Filter>
    </ClInclude>
    <ClInclude Include="andrick\event\AndrickEventListener.h">
      <Filter>Header Files</Filter>
    </ClInclude>
    <ClInclude Include="andrick\event\AndrickEventQueue.h">
      <Filter>Header Files</Filter>
    </ClInclude>
    <ClInclude Include="andrick\event\AndrickEvent.h">
      <Filter>Header Files</Filter>
    </ClInclude>
    <ClInclude Include="andrick\input\InputProcessor.h">
      <Filter>Header Files</Filter>
    </ClInclude>
    <ClInclude Include="andrick\input\AndrickKeyBinding.h">
      <Filter>Header Files</Filter>
    </ClInclude>
    <ClInclude Include="andrick\setting\BooleanSetting.h">
      <Filter>Header Files</Filter>
    </ClInclude>
    <ClInclude Include="andrick\setting\GameSetting.h">
      <Filter>Header Files</Filter>
    </ClInclude>
    <ClInclude Include="andrick\setting\IntegerSetting.h">
      <Filter>Header Files</Filter>
    </ClInclude>
    <ClInclude Include="andrick\setting\KeySetting.h">
      <Filter>Header Files</Filter>
    </ClInclude>
    <ClInclude Include="andrick\setting\SettingsProcessor.h">
      <Filter>Header Files</Filter>
    </ClInclude>
    <ClInclude Include="andrick\window\AndrickWindow.h">
      <Filter>Header Files</Filter>
    </ClInclude>
    <ClInclude Include="andrick\window\AndrickViewport.h">
      <Filter>Header Files</Filter>
    </ClInclude>
    <ClInclude Include="andrick\window\callback\WindowCallbacks.h">
      <Filter>Header Files</Filter>
    </ClInclude>
    <ClInclude Include="andrick\util\Timer.h">
      <Filter>Header Files</Filter>
    </ClInclude>
    <ClInclude Include="andrick\util\string\StringUtil.h">
      <Filter>Header Files</Filter>
    </ClInclude>
    <ClInclude Include="andrick\util\math\MathHelper.h">
      <Filter>Header Files</Filter>
    </ClInclude>
    <ClInclude Include="andrick\util\math\Transform.h">
      <Filter>Header Files</Filter>
    </ClInclude>
    <ClInclude Include="andrick\render\camera\Camera.h">
      <Filter>Header Files</Filter>
    </ClInclude>
    <ClInclude Include="andrick\asset\Asset.h">
      <Filter>Header Files</Filter>
    </ClInclude>
    <ClInclude Include="andrick\asset\AssetManager.h">
      <Filter>Header Files</Filter>
    </ClInclude>
    <ClInclude Include="andrick\asset\pack\AssetPack.h">
      <Filter>Header Files</Filter>
    </ClInclude>
    <ClInclude Include="andrick\asset\shader\Shader.h">
      <Filter>Header Files</Filter>
    </ClInclude>
    <ClInclude Include="andrick\asset\shader\ShaderProgram.h">
      <Filter>Header Files</Filter>
    </ClInclude>
    <ClInclude Include="andrick\asset\mesh\Mesh.h">
      <Filter>Header Files</Filter>
    </ClInclude>
    <ClInclude Include="andrick\filesystem\path\file\io\string\StringFileReader.h">
      <Filter>Header Files</Filter>
    </ClInclude>
    <ClInclude Include="andrick\filesystem\path\file\io\string\StringFileWriter.h">
      <Filter>Header Files</Filter>
    </ClInclude>
    <ClInclude Include="andrick\asset\mesh\MeshFactory.h">
      <Filter>Header Files</Filter>
    </ClInclude>
    <ClInclude Include="andrick\render\IRenderable.h">
      <Filter>Header Files</Filter>
    </ClInclude>
    <ClInclude Include="andrick\render\model\Model.h">
      <Filter>Header Files</Filter>
    </ClInclude>
    <ClInclude Include="andrick\render\renderer\MeshRenderer.h">
      <Filter>Header Files</Filter>
    </ClInclude>
    <ClInclude Include="andrick\render\renderer\ModelRenderer.h">
      <Filter>Header Files</Filter>
    </ClInclude>
    <ClInclude Include="andrick\render\renderer\Renderer.h">
      <Filter>Header Files</Filter>
    </ClInclude>
    <ClInclude Include="andrick\render\model\Model.h">
      <Filter>Header Files</Filter>
    </ClInclude>
    <ClInclude Include="andrick\asset\image\Image.h">
      <Filter>Header Files</Filter>
    </ClInclude>
    <ClInclude Include="andrick\render\wrapper\texture\TextureWrapper.h">
      <Filter>Header Files</Filter>
    </ClInclude>
    <ClInclude Include="andrick\render\wrapper\vao\VAOWrapper.h">
      <Filter>Header Files</Filter>
    </ClInclude>
    <ClInclude Include="andrick\render\wrapper\GLObjectWrapper.h">
      <Filter>Header Files</Filter>
    </ClInclude>
    <ClInclude Include="andrick\render\wrapper\buffer\ebo\EBOWrapper.h">
      <Filter>Header Files</Filter>
    </ClInclude>
    <ClInclude Include="andrick\render\wrapper\buffer\fbo\FBOWrapper.h">
      <Filter>Header Files</Filter>
    </ClInclude>
    <ClInclude Include="andrick\render\wrapper\buffer\rbo\RBOWrapper.h">
      <Filter>Header Files</Filter>
    </ClInclude>
    <ClInclude Include="andrick\render\wrapper\buffer\vbo\VBOWrapper.h">
      <Filter>Header Files</Filter>
    </ClInclude>
    <ClInclude Include="andrick\render\wrapper\buffer\BufferResizeRegistry.h">
      <Filter>Header Files</Filter>
    </ClInclude>
    <ClInclude Include="andrick\render\wrapper\texture\CubeMap.h">
      <Filter>Header Files</Filter>
    </ClInclude>
  </ItemGroup>
  <ItemGroup>
    <ClCompile Include="andrick\memory\TrackableObject.cpp">
      <Filter>Source Files</Filter>
    </ClCompile>
    <ClCompile Include="andrick\memory\ObjectTracker.cpp">
      <Filter>Source Files</Filter>
    </ClCompile>
    <ClCompile Include="andrick\logger\Logger.cpp">
      <Filter>Source Files</Filter>
    </ClCompile>
    <ClCompile Include="andrick\logger\LoggerMaster.cpp">
      <Filter>Source Files</Filter>
    </ClCompile>
    <ClCompile Include="andrick\filesystem\WindowsFilesystem.cpp">
      <Filter>Source Files</Filter>
    </ClCompile>
    <ClCompile Include="andrick\filesystem\Filesystem.cpp">
      <Filter>Source Files</Filter>
    </ClCompile>
    <ClCompile Include="andrick\filesystem\MacFilesystem.cpp">
      <Filter>Source Files</Filter>
    </ClCompile>
    <ClCompile Include="andrick\filesystem\path\file\FileLocation.cpp">
      <Filter>Source Files</Filter>
    </ClCompile>
    <ClCompile Include="andrick\filesystem\path\directory\DirectoryLocation.cpp">
      <Filter>Source Files</Filter>
    </ClCompile>
    <ClCompile Include="andrick\core\AndrickCore.cpp">
      <Filter>Source Files</Filter>
    </ClCompile>
    <ClCompile Include="andrick\event\AndrickEventListener.cpp">
      <Filter>Source Files</Filter>
    </ClCompile>
    <ClCompile Include="andrick\event\AndrickEventQueue.cpp">
      <Filter>Source Files</Filter>
    </ClCompile>
    <ClCompile Include="andrick\input\InputProcessor.cpp">
      <Filter>Source Files</Filter>
    </ClCompile>
    <ClCompile Include="andrick\input\AndrickKeyBinding.cpp">
      <Filter>Source Files</Filter>
    </ClCompile>
    <ClCompile Include="andrick\setting\BooleanSetting.cpp">
      <Filter>Source Files</Filter>
    </ClCompile>
    <ClCompile Include="andrick\setting\IntegerSetting.cpp">
      <Filter>Source Files</Filter>
    </ClCompile>
    <ClCompile Include="andrick\setting\KeySetting.cpp">
      <Filter>Source Files</Filter>
    </ClCompile>
    <ClCompile Include="andrick\setting\SettingsProcessor.cpp">
      <Filter>Source Files</Filter>
    </ClCompile>
    <ClCompile Include="andrick\window\AndrickWindow.cpp">
      <Filter>Source Files</Filter>
    </ClCompile>
    <ClCompile Include="andrick\window\AndrickViewport.cpp">
      <Filter>Source Files</Filter>
    </ClCompile>
    <ClCompile Include="andrick\util\string\StringUtil.cpp">
      <Filter>Source Files</Filter>
    </ClCompile>
    <ClCompile Include="andrick\util\math\MathHelper.cpp">
      <Filter>Source Files</Filter>
    </ClCompile>
    <ClCompile Include="andrick\util\math\Transform.cpp">
      <Filter>Source Files</Filter>
    </ClCompile>
    <ClCompile Include="andrick\render\camera\Camera.cpp">
      <Filter>Source Files</Filter>
    </ClCompile>
    <ClCompile Include="andrick\asset\Asset.cpp">
      <Filter>Source Files</Filter>
    </ClCompile>
    <ClCompile Include="andrick\asset\AssetManager.cpp">
      <Filter>Source Files</Filter>
    </ClCompile>
    <ClCompile Include="andrick\asset\pack\AssetPack.cpp">
      <Filter>Source Files</Filter>
    </ClCompile>
    <ClCompile Include="andrick\asset\shader\Shader.cpp">
      <Filter>Source Files</Filter>
    </ClCompile>
    <ClCompile Include="andrick\asset\shader\ShaderProgram.cpp">
      <Filter>Source Files</Filter>
    </ClCompile>
    <ClCompile Include="andrick\asset\mesh\Mesh.cpp">
      <Filter>Source Files</Filter>
    </ClCompile>
    <ClCompile Include="andrick\filesystem\path\file\io\string\StringFileReader.cpp">
      <Filter>Source Files</Filter>
    </ClCompile>
    <ClCompile Include="andrick\filesystem\path\file\io\string\StringFileWriter.cpp">
      <Filter>Source Files</Filter>
    </ClCompile>
    <ClCompile Include="andrick\asset\mesh\MeshFactory.cpp">
      <Filter>Source Files</Filter>
    </ClCompile>
    <ClCompile Include="andrick\render\model\Model.cpp">
      <Filter>Source Files</Filter>
    </ClCompile>
    <ClCompile Include="andrick\render\renderer\MeshRenderer.cpp">
      <Filter>Source Files</Filter>
    </ClCompile>
    <ClCompile Include="andrick\render\renderer\ModelRenderer.cpp">
      <Filter>Source Files</Filter>
    </ClCompile>
    <ClCompile Include="andrick\render\model\Model.cpp">
      <Filter>Source Files</Filter>
    </ClCompile>
    <ClCompile Include="andrick\asset\image\Image.cpp">
      <Filter>Source Files</Filter>
    </ClCompile>
    <ClCompile Include="andrick\render\wrapper\texture\TextureWrapper.cpp">
      <Filter>Source Files</Filter>
    </ClCompile>
    <ClCompile Include="andrick\render\wrapper\vao\VAOWrapper.cpp">
      <Filter>Source Files</Filter>
    </ClCompile>
    <ClCompile Include="andrick\render\wrapper\buffer\ebo\EBOWrapper.cpp">
      <Filter>Source Files</Filter>
    </ClCompile>
    <ClCompile Include="andrick\render\wrapper\buffer\fbo\FBOWrapper.cpp">
      <Filter>Source Files</Filter>
    </ClCompile>
    <ClCompile Include="andrick\render\wrapper\buffer\rbo\RBOWrapper.cpp">
      <Filter>Source Files</Filter>
    </ClCompile>
    <ClCompile Include="andrick\render\wrapper\buffer\vbo\VBOWrapper.cpp">
      <Filter>Source Files</Filter>
    </ClCompile>
    <ClCompile Include="andrick\render\wrapper\buffer\BufferResizeRegistry.cpp">
      <Filter>Source Files</Filter>
    </ClCompile>
    <ClCompile Include="andrick\render\wrapper\texture\CubeMap.cpp">
      <Filter>Source Files</Filter>
    </ClCompile>
  </ItemGroup>
</Project>