<?xml version="1.0" encoding="utf-8"?>
<Project ToolsVersion="4.0" xmlns="http://schemas.microsoft.com/developer/msbuild/2003">
  <ItemGroup>
    <Filter Include="Source Files">
      <UniqueIdentifier>{4FC737F1-C7A5-4376-A066-2A32D752A2FF}</UniqueIdentifier>
      <Extensions>cpp;c;cc;cxx;def;odl;idl;hpj;bat;asm;asmx</Extensions>
    </Filter>
    <Filter Include="Header Files">
      <UniqueIdentifier>{93995380-89BD-4b04-88EB-625FBE52EBFB}</UniqueIdentifier>
      <Extensions>h;hh;hpp;hxx;hm;inl;inc;xsd</Extensions>
    </Filter>
    <Filter Include="Resource Files">
      <UniqueIdentifier>{67DA6AB6-F800-4c08-8B7A-83BB121AAD01}</UniqueIdentifier>
      <Extensions>rc;ico;cur;bmp;dlg;rc2;rct;bin;rgs;gif;jpg;jpeg;jpe;resx;tiff;tif;png;wav;mfcribbon-ms</Extensions>
    </Filter>
  </ItemGroup>
  <ItemGroup>
    <ClInclude Include="andrick\memory\NonCopyable.h">
      <Filter>Header Files</Filter>
    </ClInclude>
    <ClInclude Include="andrick\memory\TrackableObject.h">
      <Filter>Header Files</Filter>
    </ClInclude>
    <ClInclude Include="andrick\memory\ObjectTracker.h">
      <Filter>Header Files</Filter>
    </ClInclude>
    <ClInclude Include="andrick\logger\Logger.h">
      <Filter>Header Files</Filter>
    </ClInclude>
    <ClInclude Include="andrick\logger\LoggerMaster.h">
      <Filter>Header Files</Filter>
    </ClInclude>
    <ClInclude Include="andrick\logger\AndrickSinks.h">
      <Filter>Header Files</Filter>
    </ClInclude>
    <ClInclude Include="andrick\filesystem\Filesystem.h">
      <Filter>Header Files</Filter>
    </ClInclude>
    <ClInclude Include="andrick\filesystem\path\directory\DirectoryLocation.h">
      <Filter>Header Files</Filter>
    </ClInclude>
    <ClInclude Include="andrick\filesystem\path\PathLocation.h">
      <Filter>Header Files</Filter>
    </ClInclude>
    <ClInclude Include="andrick\filesystem\path\file\FileLocation.h">
      <Filter>Header Files</Filter>
    </ClInclude>
    <ClInclude Include="andrick\filesystem\path\file\io\StringFileWriter.h">
      <Filter>Header Files</Filter>
    </ClInclude>
    <ClInclude Include="andrick\filesystem\path\file\io\StringFileReader.h">
      <Filter>Header Files</Filter>
    </ClInclude>
    <ClInclude Include="andrick\filesystem\WindowsFilesystem.h">
      <Filter>Header Files</Filter>
    </ClInclude>
    <ClInclude Include="andrick\filesystem\MacFilesystem.h">
      <Filter>Header Files</Filter>
    </ClInclude>
    <ClInclude Include="andrick\core\AndrickCore.h">
      <Filter>Header Files</Filter>
    </ClInclude>
  </ItemGroup>
  <ItemGroup>
    <ClCompile Include="andrick\memory\TrackableObject.cpp">
      <Filter>Source Files</Filter>
    </ClCompile>
    <ClCompile Include="andrick\memory\ObjectTracker.cpp">
      <Filter>Source Files</Filter>
    </ClCompile>
    <ClCompile Include="andrick\logger\Logger.cpp">
      <Filter>Source Files</Filter>
    </ClCompile>
    <ClCompile Include="andrick\logger\LoggerMaster.cpp">
      <Filter>Source Files</Filter>
    </ClCompile>
    <ClCompile Include="andrick\filesystem\WindowsFilesystem.cpp">
      <Filter>Source Files</Filter>
    </ClCompile>
    <ClCompile Include="andrick\filesystem\Filesystem.cpp">
      <Filter>Source Files</Filter>
    </ClCompile>
    <ClCompile Include="andrick\filesystem\MacFilesystem.cpp">
      <Filter>Source Files</Filter>
    </ClCompile>
    <ClCompile Include="andrick\filesystem\path\file\FileLocation.cpp">
      <Filter>Source Files</Filter>
    </ClCompile>
    <ClCompile Include="andrick\filesystem\path\file\io\StringFileWriter.cpp">
      <Filter>Source Files</Filter>
    </ClCompile>
    <ClCompile Include="andrick\filesystem\path\file\io\StringFileReader.cpp">
      <Filter>Source Files</Filter>
    </ClCompile>
    <ClCompile Include="andrick\filesystem\path\directory\DirectoryLocation.cpp">
      <Filter>Source Files</Filter>
    </ClCompile>
    <ClCompile Include="andrick\core\AndrickCore.cpp">
      <Filter>Source Files</Filter>
    </ClCompile>
  </ItemGroup>
</Project>